
Microsoft Visual Studio Solution File, Format Version 12.00
# Visual Studio Version 17
VisualStudioVersion = 17.3.32929.385
MinimumVisualStudioVersion = 10.0.40219.1
Project("{FAE04EC0-301F-11D3-BF4B-00C04F79EFBC}") = "8Ball", "8Ball\8Ball.csproj", "{108B150C-CFB1-4005-9414-9CEF7C3789C4}"
EndProject
Global
	GlobalSection(SolutionConfigurationPlatforms) = preSolution
		Debug|Any CPU = Debug|Any CPU
		Release|Any CPU = Release|Any CPU
	EndGlobalSection
	GlobalSection(ProjectConfigurationPlatforms) = postSolution
		{108B150C-CFB1-4005-9414-9CEF7C3789C4}.Debug|Any CPU.ActiveCfg = Debug|Any CPU
		{108B150C-CFB1-4005-9414-9CEF7C3789C4}.Debug|Any CPU.Build.0 = Debug|Any CPU
		{108B150C-CFB1-4005-9414-9CEF7C3789C4}.Release|Any CPU.ActiveCfg = Release|Any CPU
		{108B150C-CFB1-4005-9414-9CEF7C3789C4}.Release|Any CPU.Build.0 = Release|Any CPU
	EndGlobalSection
	GlobalSection(SolutionProperties) = preSolution
		HideSolutionNode = FALSE
	EndGlobalSection
	GlobalSection(ExtensibilityGlobals) = postSolution
		SolutionGuid = {AF574C5F-368C-4C1F-8730-D572386D3F13}
	EndGlobalSection
EndGlobal
